
Microsoft Visual Studio Solution File, Format Version 12.00
# Visual Studio 15
VisualStudioVersion = 15.0.27004.2010
MinimumVisualStudioVersion = 10.0.40219.1
Project("{FAE04EC0-301F-11D3-BF4B-00C04F79EFBC}") = "Pomodoro", "Pomodoro.csproj", "{5AFE25B9-06E0-4907-816B-11483FDA9140}"
EndProject
Global
	GlobalSection(SolutionConfigurationPlatforms) = preSolution
		Debug|Any CPU = Debug|Any CPU
		Release|Any CPU = Release|Any CPU
	EndGlobalSection
	GlobalSection(ProjectConfigurationPlatforms) = postSolution
		{5AFE25B9-06E0-4907-816B-11483FDA9140}.Debug|Any CPU.ActiveCfg = Debug|Any CPU
		{5AFE25B9-06E0-4907-816B-11483FDA9140}.Debug|Any CPU.Build.0 = Debug|Any CPU
		{5AFE25B9-06E0-4907-816B-11483FDA9140}.Release|Any CPU.ActiveCfg = Release|Any CPU
		{5AFE25B9-06E0-4907-816B-11483FDA9140}.Release|Any CPU.Build.0 = Release|Any CPU
	EndGlobalSection
	GlobalSection(SolutionProperties) = preSolution
		HideSolutionNode = FALSE
	EndGlobalSection
	GlobalSection(ExtensibilityGlobals) = postSolution
		SolutionGuid = {F6B74E3D-9AF7-4183-AF01-60E747D24118}
	EndGlobalSection
EndGlobal
